PODS:
  - Mapbox-iOS-SDK (5.6.1):
    - MapboxMobileEvents (= 0.10.2)
  - MapboxMobileEvents (0.10.2)
  - WeMapSDK (0.1.0):
    - Mapbox-iOS-SDK (~> 5.6.0)

DEPENDENCIES:
  - WeMapSDK (from `../`)

SPEC REPOS:
  trunk:
    - Mapbox-iOS-SDK
    - MapboxMobileEvents

EXTERNAL SOURCES:
  WeMapSDK:
    :path: "../"

SPEC CHECKSUMS:
  Mapbox-iOS-SDK: b31bd62a5dd5b7e688eab787acd3d093a122f4d6
  MapboxMobileEvents: 2bc0ca2eedb627b73cf403258dce2b2fa98074a6
  WeMapSDK: 243197b8d7a0d58adcd02171ed393edad09c22bc

PODFILE CHECKSUM: e46ab1554b9bcc359dd3cf21c43f347e8b5aa376

COCOAPODS: 1.9.3
